// !$*UTF8*$!
{
	archiveVersion = 1;
	classes = {
	};
	objectVersion = 56;
	objects = {

/* Begin PBXBuildFile section */
		B1E2A0092C8F078E006617B5 /* AppDelegate.swift in Sources */ = {isa = PBXBuildFile; fileRef = B1E2A0082C8F078E006617B5 /* AppDelegate.swift */; };
		B1E2A00B2C8F078E006617B5 /* SceneDelegate.swift in Sources */ = {isa = PBXBuildFile; fileRef = B1E2A00A2C8F078E006617B5 /* SceneDelegate.swift */; };
		B1E2A00D2C8F078E006617B5 /* ViewController.swift in Sources */ = {isa = PBXBuildFile; fileRef = B1E2A00C2C8F078E006617B5 /* ViewController.swift */; };
		B1E2A0102C8F078E006617B5 /* Main.storyboard in Resources */ = {isa = PBXBuildFile; fileRef = B1E2A00E2C8F078E006617B5 /* Main.storyboard */; };
		B1E2A0122C8F078F006617B5 /* Assets.xcassets in Resources */ = {isa = PBXBuildFile; fileRef = B1E2A0112C8F078F006617B5 /* Assets.xcassets */; };
		B1E2A0152C8F078F006617B5 /* LaunchScreen.storyboard in Resources */ = {isa = PBXBuildFile; fileRef = B1E2A0132C8F078F006617B5 /* LaunchScreen.storyboard */; };
		B1E2A0202C8F078F006617B5 /* MatzipAppTests.swift in Sources */ = {isa = PBXBuildFile; fileRef = B1E2A01F2C8F078F006617B5 /* MatzipAppTests.swift */; };
		B1E2A02A2C8F078F006617B5 /* MatzipAppUITests.swift in Sources */ = {isa = PBXBuildFile; fileRef = B1E2A0292C8F078F006617B5 /* MatzipAppUITests.swift */; };
		B1E2A02C2C8F078F006617B5 /* MatzipAppUITestsLaunchTests.swift in Sources */ = {isa = PBXBuildFile; fileRef = B1E2A02B2C8F078F006617B5 /* MatzipAppUITestsLaunchTests.swift */; };
/* End PBXBuildFile section */

/* Begin PBXContainerItemProxy section */
		B1E2A01C2C8F078F006617B5 /* PBXContainerItemProxy */ = {
			isa = PBXContainerItemProxy;
			containerPortal = B1E29FFD2C8F078E006617B5 /* Project object */;
			proxyType = 1;
			remoteGlobalIDString = B1E2A0042C8F078E006617B5;
			remoteInfo = MatzipApp;
		};
		B1E2A0262C8F078F006617B5 /* PBXContainerItemProxy */ = {
			isa = PBXContainerItemProxy;
			containerPortal = B1E29FFD2C8F078E006617B5 /* Project object */;
			proxyType = 1;
			remoteGlobalIDString = B1E2A0042C8F078E006617B5;
			remoteInfo = MatzipApp;
		};
/* End PBXContainerItemProxy section */

/* Begin PBXFileReference section */
		B1E2A0052C8F078E006617B5 /* MatzipApp.app */ = {isa = PBXFileReference; explicitFileType = wrapper.application; includeInIndex = 0; path = MatzipApp.app; sourceTree = BUILT_PRODUCTS_DIR; };
		B1E2A0082C8F078E006617B5 /* AppDelegate.swift */ = {isa = PBXFileReference; lastKnownFileType = sourcecode.swift; path = AppDelegate.swift; sourceTree = "<group>"; };
		B1E2A00A2C8F078E006617B5 /* SceneDelegate.swift */ = {isa = PBXFileReference; lastKnownFileType = sourcecode.swift; path = SceneDelegate.swift; sourceTree = "<group>"; };
		B1E2A00C2C8F078E006617B5 /* ViewController.swift */ = {isa = PBXFileReference; lastKnownFileType = sourcecode.swift; path = ViewController.swift; sourceTree = "<group>"; };
		B1E2A00F2C8F078E006617B5 /* Base */ = {isa = PBXFileReference; lastKnownFileType = file.storyboard; name = Base; path = Base.lproj/Main.storyboard; sourceTree = "<group>"; };
		B1E2A0112C8F078F006617B5 /* Assets.xcassets */ = {isa = PBXFileReference; lastKnownFileType = folder.assetcatalog; path = Assets.xcassets; sourceTree = "<group>"; };
		B1E2A0142C8F078F006617B5 /* Base */ = {isa = PBXFileReference; lastKnownFileType = file.storyboard; name = Base; path = Base.lproj/LaunchScreen.storyboard; sourceTree = "<group>"; };
		B1E2A0162C8F078F006617B5 /* Info.plist */ = {isa = PBXFileReference; lastKnownFileType = text.plist.xml; path = Info.plist; sourceTree = "<group>"; };
		B1E2A01B2C8F078F006617B5 /* MatzipAppTests.xctest */ = {isa = PBXFileReference; explicitFileType = wrapper.cfbundle; includeInIndex = 0; path = MatzipAppTests.xctest; sourceTree = BUILT_PRODUCTS_DIR; };
		B1E2A01F2C8F078F006617B5 /* MatzipAppTests.swift */ = {isa = PBXFileReference; lastKnownFileType = sourcecode.swift; path = MatzipAppTests.swift; sourceTree = "<group>"; };
		B1E2A0252C8F078F006617B5 /* MatzipAppUITests.xctest */ = {isa = PBXFileReference; explicitFileType = wrapper.cfbundle; includeInIndex = 0; path = MatzipAppUITests.xctest; sourceTree = BUILT_PRODUCTS_DIR; };
		B1E2A0292C8F078F006617B5 /* MatzipAppUITests.swift */ = {isa = PBXFileReference; lastKnownFileType = sourcecode.swift; path = MatzipAppUITests.swift; sourceTree = "<group>"; };
		B1E2A02B2C8F078F006617B5 /* MatzipAppUITestsLaunchTests.swift */ = {isa = PBXFileReference; lastKnownFileType = sourcecode.swift; path = MatzipAppUITestsLaunchTests.swift; sourceTree = "<group>"; };
/* End PBXFileReference section */

/* Begin PBXFrameworksBuildPhase section */
		B1E2A0022C8F078E006617B5 /* Frameworks */ = {
			isa = PBXFrameworksBuildPhase;
			buildActionMask = 2147483647;
			files = (
			);
			runOnlyForDeploymentPostprocessing = 0;
		};
		B1E2A0182C8F078F006617B5 /* Frameworks */ = {
			isa = PBXFrameworksBuildPhase;
			buildActionMask = 2147483647;
			files = (
			);
			runOnlyForDeploymentPostprocessing = 0;
		};
		B1E2A0222C8F078F006617B5 /* Frameworks */ = {
			isa = PBXFrameworksBuildPhase;
			buildActionMask = 2147483647;
			files = (
			);
			runOnlyForDeploymentPostprocessing = 0;
		};
/* End PBXFrameworksBuildPhase section */

/* Begin PBXGroup section */
		B1E29FFC2C8F078E006617B5 = {
			isa = PBXGroup;
			children = (
				B1E2A0072C8F078E006617B5 /* MatzipApp */,
				B1E2A01E2C8F078F006617B5 /* MatzipAppTests */,
				B1E2A0282C8F078F006617B5 /* MatzipAppUITests */,
				B1E2A0062C8F078E006617B5 /* Products */,
			);
			sourceTree = "<group>";
		};
		B1E2A0062C8F078E006617B5 /* Products */ = {
			isa = PBXGroup;
			children = (
				B1E2A0052C8F078E006617B5 /* MatzipApp.app */,
				B1E2A01B2C8F078F006617B5 /* MatzipAppTests.xctest */,
				B1E2A0252C8F078F006617B5 /* MatzipAppUITests.xctest */,
			);
			name = Products;
			sourceTree = "<group>";
		};
		B1E2A0072C8F078E006617B5 /* MatzipApp */ = {
			isa = PBXGroup;
			children = (
				B1E2A0082C8F078E006617B5 /* AppDelegate.swift */,
				B1E2A00A2C8F078E006617B5 /* SceneDelegate.swift */,
				B1E2A00C2C8F078E006617B5 /* ViewController.swift */,
				B1E2A00E2C8F078E006617B5 /* Main.storyboard */,
				B1E2A0112C8F078F006617B5 /* Assets.xcassets */,
				B1E2A0132C8F078F006617B5 /* LaunchScreen.storyboard */,
				B1E2A0162C8F078F006617B5 /* Info.plist */,
			);
			path = MatzipApp;
			sourceTree = "<group>";
		};
		B1E2A01E2C8F078F006617B5 /* MatzipAppTests */ = {
			isa = PBXGroup;
			children = (
				B1E2A01F2C8F078F006617B5 /* MatzipAppTests.swift */,
			);
			path = MatzipAppTests;
			sourceTree = "<group>";
		};
		B1E2A0282C8F078F006617B5 /* MatzipAppUITests */ = {
			isa = PBXGroup;
			children = (
				B1E2A0292C8F078F006617B5 /* MatzipAppUITests.swift */,
				B1E2A02B2C8F078F006617B5 /* MatzipAppUITestsLaunchTests.swift */,
			);
			path = MatzipAppUITests;
			sourceTree = "<group>";
		};
/* End PBXGroup section */

/* Begin PBXNativeTarget section */
		B1E2A0042C8F078E006617B5 /* MatzipApp */ = {
			isa = PBXNativeTarget;
			buildConfigurationList = B1E2A02F2C8F078F006617B5 /* Build configuration list for PBXNativeTarget "MatzipApp" */;
			buildPhases = (
				B1E2A0012C8F078E006617B5 /* Sources */,
				B1E2A0022C8F078E006617B5 /* Frameworks */,
				B1E2A0032C8F078E006617B5 /* Resources */,
			);
			buildRules = (
			);
			dependencies = (
			);
			name = MatzipApp;
			productName = MatzipApp;
			productReference = B1E2A0052C8F078E006617B5 /* MatzipApp.app */;
			productType = "com.apple.product-type.application";
		};
		B1E2A01A2C8F078F006617B5 /* MatzipAppTests */ = {
			isa = PBXNativeTarget;
			buildConfigurationList = B1E2A0322C8F078F006617B5 /* Build configuration list for PBXNativeTarget "MatzipAppTests" */;
			buildPhases = (
				B1E2A0172C8F078F006617B5 /* Sources */,
				B1E2A0182C8F078F006617B5 /* Frameworks */,
				B1E2A0192C8F078F006617B5 /* Resources */,
			);
			buildRules = (
			);
			dependencies = (
				B1E2A01D2C8F078F006617B5 /* PBXTargetDependency */,
			);
			name = MatzipAppTests;
			productName = MatzipAppTests;
			productReference = B1E2A01B2C8F078F006617B5 /* MatzipAppTests.xctest */;
			productType = "com.apple.product-type.bundle.unit-test";
		};
		B1E2A0242C8F078F006617B5 /* MatzipAppUITests */ = {
			isa = PBXNativeTarget;
			buildConfigurationList = B1E2A0352C8F078F006617B5 /* Build configuration list for PBXNativeTarget "MatzipAppUITests" */;
			buildPhases = (
				B1E2A0212C8F078F006617B5 /* Sources */,
				B1E2A0222C8F078F006617B5 /* Frameworks */,
				B1E2A0232C8F078F006617B5 /* Resources */,
			);
			buildRules = (
			);
			dependencies = (
				B1E2A0272C8F078F006617B5 /* PBXTargetDependency */,
			);
			name = MatzipAppUITests;
			productName = MatzipAppUITests;
			productReference = B1E2A0252C8F078F006617B5 /* MatzipAppUITests.xctest */;
			productType = "com.apple.product-type.bundle.ui-testing";
		};
/* End PBXNativeTarget section */

/* Begin PBXProject section */
		B1E29FFD2C8F078E006617B5 /* Project object */ = {
			isa = PBXProject;
			attributes = {
				BuildIndependentTargetsInParallel = 1;
				LastSwiftUpdateCheck = 1500;
				LastUpgradeCheck = 1500;
				TargetAttributes = {
					B1E2A0042C8F078E006617B5 = {
						CreatedOnToolsVersion = 15.0;
					};
					B1E2A01A2C8F078F006617B5 = {
						CreatedOnToolsVersion = 15.0;
						TestTargetID = B1E2A0042C8F078E006617B5;
					};
					B1E2A0242C8F078F006617B5 = {
						CreatedOnToolsVersion = 15.0;
						TestTargetID = B1E2A0042C8F078E006617B5;
					};
				};
			};
			buildConfigurationList = B1E2A0002C8F078E006617B5 /* Build configuration list for PBXProject "MatzipApp" */;
			compatibilityVersion = "Xcode 14.0";
			developmentRegion = en;
			hasScannedForEncodings = 0;
			knownRegions = (
				en,
				Base,
			);
			mainGroup = B1E29FFC2C8F078E006617B5;
			productRefGroup = B1E2A0062C8F078E006617B5 /* Products */;
			projectDirPath = "";
			projectRoot = "";
			targets = (
				B1E2A0042C8F078E006617B5 /* MatzipApp */,
				B1E2A01A2C8F078F006617B5 /* MatzipAppTests */,
				B1E2A0242C8F078F006617B5 /* MatzipAppUITests */,
			);
		};
/* End PBXProject section */

/* Begin PBXResourcesBuildPhase section */
		B1E2A0032C8F078E006617B5 /* Resources */ = {
			isa = PBXResourcesBuildPhase;
			buildActionMask = 2147483647;
			files = (
				B1E2A0152C8F078F006617B5 /* LaunchScreen.storyboard in Resources */,
				B1E2A0122C8F078F006617B5 /* Assets.xcassets in Resources */,
				B1E2A0102C8F078E006617B5 /* Main.storyboard in Resources */,
			);
			runOnlyForDeploymentPostprocessing = 0;
		};
		B1E2A0192C8F078F006617B5 /* Resources */ = {
			isa = PBXResourcesBuildPhase;
			buildActionMask = 2147483647;
			files = (
			);
			runOnlyForDeploymentPostprocessing = 0;
		};
		B1E2A0232C8F078F006617B5 /* Resources */ = {
			isa = PBXResourcesBuildPhase;
			buildActionMask = 2147483647;
			files = (
			);
			runOnlyForDeploymentPostprocessing = 0;
		};
/* End PBXResourcesBuildPhase section */

/* Begin PBXSourcesBuildPhase section */
		B1E2A0012C8F078E006617B5 /* Sources */ = {
			isa = PBXSourcesBuildPhase;
			buildActionMask = 2147483647;
			files = (
				B1E2A00D2C8F078E006617B5 /* ViewController.swift in Sources */,
				B1E2A0092C8F078E006617B5 /* AppDelegate.swift in Sources */,
				B1E2A00B2C8F078E006617B5 /* SceneDelegate.swift in Sources */,
			);
			runOnlyForDeploymentPostprocessing = 0;
		};
		B1E2A0172C8F078F006617B5 /* Sources */ = {
			isa = PBXSourcesBuildPhase;
			buildActionMask = 2147483647;
			files = (
				B1E2A0202C8F078F006617B5 /* MatzipAppTests.swift in Sources */,
			);
			runOnlyForDeploymentPostprocessing = 0;
		};
		B1E2A0212C8F078F006617B5 /* Sources */ = {
			isa = PBXSourcesBuildPhase;
			buildActionMask = 2147483647;
			files = (
				B1E2A02A2C8F078F006617B5 /* MatzipAppUITests.swift in Sources */,
				B1E2A02C2C8F078F006617B5 /* MatzipAppUITestsLaunchTests.swift in Sources */,
			);
			runOnlyForDeploymentPostprocessing = 0;
		};
/* End PBXSourcesBuildPhase section */

/* Begin PBXTargetDependency section */
		B1E2A01D2C8F078F006617B5 /* PBXTargetDependency */ = {
			isa = PBXTargetDependency;
			target = B1E2A0042C8F078E006617B5 /* MatzipApp */;
			targetProxy = B1E2A01C2C8F078F006617B5 /* PBXContainerItemProxy */;
		};
		B1E2A0272C8F078F006617B5 /* PBXTargetDependency */ = {
			isa = PBXTargetDependency;
			target = B1E2A0042C8F078E006617B5 /* MatzipApp */;
			targetProxy = B1E2A0262C8F078F006617B5 /* PBXContainerItemProxy */;
		};
/* End PBXTargetDependency section */

/* Begin PBXVariantGroup section */
		B1E2A00E2C8F078E006617B5 /* Main.storyboard */ = {
			isa = PBXVariantGroup;
			children = (
				B1E2A00F2C8F078E006617B5 /* Base */,
			);
			name = Main.storyboard;
			sourceTree = "<group>";
		};
		B1E2A0132C8F078F006617B5 /* LaunchScreen.storyboard */ = {
			isa = PBXVariantGroup;
			children = (
				B1E2A0142C8F078F006617B5 /* Base */,
			);
			name = LaunchScreen.storyboard;
			sourceTree = "<group>";
		};
/* End PBXVariantGroup section */

/* Begin XCBuildConfiguration section */
		B1E2A02D2C8F078F006617B5 /* Debug */ = {
			isa = XCBuildConfiguration;
			buildSettings = {
				ALWAYS_SEARCH_USER_PATHS = NO;
				ASSETCATALOG_COMPILER_GENERATE_SWIFT_ASSET_SYMBOL_EXTENSIONS = YES;
				CLANG_ANALYZER_NONNULL = YES;
				CLANG_ANALYZER_NUMBER_OBJECT_CONVERSION = YES_AGGRESSIVE;
				CLANG_CXX_LANGUAGE_STANDARD = "gnu++20";
				CLANG_ENABLE_MODULES = YES;
				CLANG_ENABLE_OBJC_ARC = YES;
				CLANG_ENABLE_OBJC_WEAK = YES;
				CLANG_WARN_BLOCK_CAPTURE_AUTORELEASING = YES;
				CLANG_WARN_BOOL_CONVERSION = YES;
				CLANG_WARN_COMMA = YES;
				CLANG_WARN_CONSTANT_CONVERSION = YES;
				CLANG_WARN_DEPRECATED_OBJC_IMPLEMENTATIONS = YES;
				CLANG_WARN_DIRECT_OBJC_ISA_USAGE = YES_ERROR;
				CLANG_WARN_DOCUMENTATION_COMMENTS = YES;
				CLANG_WARN_EMPTY_BODY = YES;
				CLANG_WARN_ENUM_CONVERSION = YES;
				CLANG_WARN_INFINITE_RECURSION = YES;
				CLANG_WARN_INT_CONVERSION = YES;
				CLANG_WARN_NON_LITERAL_NULL_CONVERSION = YES;
				CLANG_WARN_OBJC_IMPLICIT_RETAIN_SELF = YES;
				CLANG_WARN_OBJC_LITERAL_CONVERSION = YES;
				CLANG_WARN_OBJC_ROOT_CLASS = YES_ERROR;
				CLANG_WARN_QUOTED_INCLUDE_IN_FRAMEWORK_HEADER = YES;
				CLANG_WARN_RANGE_LOOP_ANALYSIS = YES;
				CLANG_WARN_STRICT_PROTOTYPES = YES;
				CLANG_WARN_SUSPICIOUS_MOVE = YES;
				CLANG_WARN_UNGUARDED_AVAILABILITY = YES_AGGRESSIVE;
				CLANG_WARN_UNREACHABLE_CODE = YES;
				CLANG_WARN__DUPLICATE_METHOD_MATCH = YES;
				COPY_PHASE_STRIP = NO;
				DEBUG_INFORMATION_FORMAT = dwarf;
				ENABLE_STRICT_OBJC_MSGSEND = YES;
				ENABLE_TESTABILITY = YES;
				ENABLE_USER_SCRIPT_SANDBOXING = YES;
				GCC_C_LANGUAGE_STANDARD = gnu17;
				GCC_DYNAMIC_NO_PIC = NO;
				GCC_NO_COMMON_BLOCKS = YES;
				GCC_OPTIMIZATION_LEVEL = 0;
				GCC_PREPROCESSOR_DEFINITIONS = (
					"DEBUG=1",
					"$(inherited)",
				);
				GCC_WARN_64_TO_32_BIT_CONVERSION = YES;
				GCC_WARN_ABOUT_RETURN_TYPE = YES_ERROR;
				GCC_WARN_UNDECLARED_SELECTOR = YES;
				GCC_WARN_UNINITIALIZED_AUTOS = YES_AGGRESSIVE;
				GCC_WARN_UNUSED_FUNCTION = YES;
				GCC_WARN_UNUSED_VARIABLE = YES;
				IPHONEOS_DEPLOYMENT_TARGET = 17.0;
				LOCALIZATION_PREFERS_STRING_CATALOGS = YES;
				MTL_ENABLE_DEBUG_INFO = INCLUDE_SOURCE;
				MTL_FAST_MATH = YES;
				ONLY_ACTIVE_ARCH = YES;
				SDKROOT = iphoneos;
				SWIFT_ACTIVE_COMPILATION_CONDITIONS = "DEBUG $(inherited)";
				SWIFT_OPTIMIZATION_LEVEL = "-Onone";
			};
			name = Debug;
		};
		B1E2A02E2C8F078F006617B5 /* Release */ = {
			isa = XCBuildConfiguration;
			buildSettings = {
				ALWAYS_SEARCH_USER_PATHS = NO;
				ASSETCATALOG_COMPILER_GENERATE_SWIFT_ASSET_SYMBOL_EXTENSIONS = YES;
				CLANG_ANALYZER_NONNULL = YES;
				CLANG_ANALYZER_NUMBER_OBJECT_CONVERSION = YES_AGGRESSIVE;
				CLANG_CXX_LANGUAGE_STANDARD = "gnu++20";
				CLANG_ENABLE_MODULES = YES;
				CLANG_ENABLE_OBJC_ARC = YES;
				CLANG_ENABLE_OBJC_WEAK = YES;
				CLANG_WARN_BLOCK_CAPTURE_AUTORELEASING = YES;
				CLANG_WARN_BOOL_CONVERSION = YES;
				CLANG_WARN_COMMA = YES;
				CLANG_WARN_CONSTANT_CONVERSION = YES;
				CLANG_WARN_DEPRECATED_OBJC_IMPLEMENTATIONS = YES;
				CLANG_WARN_DIRECT_OBJC_ISA_USAGE = YES_ERROR;
				CLANG_WARN_DOCUMENTATION_COMMENTS = YES;
				CLANG_WARN_EMPTY_BODY = YES;
				CLANG_WARN_ENUM_CONVERSION = YES;
				CLANG_WARN_INFINITE_RECURSION = YES;
				CLANG_WARN_INT_CONVERSION = YES;
				CLANG_WARN_NON_LITERAL_NULL_CONVERSION = YES;
				CLANG_WARN_OBJC_IMPLICIT_RETAIN_SELF = YES;
				CLANG_WARN_OBJC_LITERAL_CONVERSION = YES;
				CLANG_WARN_OBJC_ROOT_CLASS = YES_ERROR;
				CLANG_WARN_QUOTED_INCLUDE_IN_FRAMEWORK_HEADER = YES;
				CLANG_WARN_RANGE_LOOP_ANALYSIS = YES;
				CLANG_WARN_STRICT_PROTOTYPES = YES;
				CLANG_WARN_SUSPICIOUS_MOVE = YES;
				CLANG_WARN_UNGUARDED_AVAILABILITY = YES_AGGRESSIVE;
				CLANG_WARN_UNREACHABLE_CODE = YES;
				CLANG_WARN__DUPLICATE_METHOD_MATCH = YES;
				COPY_PHASE_STRIP = NO;
				DEBUG_INFORMATION_FORMAT = "dwarf-with-dsym";
				ENABLE_NS_ASSERTIONS = NO;
				ENABLE_STRICT_OBJC_MSGSEND = YES;
				ENABLE_USER_SCRIPT_SANDBOXING = YES;
				GCC_C_LANGUAGE_STANDARD = gnu17;
				GCC_NO_COMMON_BLOCKS = YES;
				GCC_WARN_64_TO_32_BIT_CONVERSION = YES;
				GCC_WARN_ABOUT_RETURN_TYPE = YES_ERROR;
				GCC_WARN_UNDECLARED_SELECTOR = YES;
				GCC_WARN_UNINITIALIZED_AUTOS = YES_AGGRESSIVE;
				GCC_WARN_UNUSED_FUNCTION = YES;
				GCC_WARN_UNUSED_VARIABLE = YES;
				IPHONEOS_DEPLOYMENT_TARGET = 17.0;
				LOCALIZATION_PREFERS_STRING_CATALOGS = YES;
				MTL_ENABLE_DEBUG_INFO = NO;
				MTL_FAST_MATH = YES;
				SDKROOT = iphoneos;
				SWIFT_COMPILATION_MODE = wholemodule;
				VALIDATE_PRODUCT = YES;
			};
			name = Release;
		};
		B1E2A0302C8F078F006617B5 /* Debug */ = {
			isa = XCBuildConfiguration;
			buildSettings = {
				ASSETCATALOG_COMPILER_APPICON_NAME = AppIcon;
				ASSETCATALOG_COMPILER_GLOBAL_ACCENT_COLOR_NAME = AccentColor;
				CODE_SIGN_STYLE = Automatic;
				CURRENT_PROJECT_VERSION = 1;
				GENERATE_INFOPLIST_FILE = YES;
				INFOPLIST_FILE = MatzipApp/Info.plist;
				INFOPLIST_KEY_UIApplicationSupportsIndirectInputEvents = YES;
				INFOPLIST_KEY_UILaunchStoryboardName = LaunchScreen;
				INFOPLIST_KEY_UIMainStoryboardFile = Main;
				INFOPLIST_KEY_UISupportedInterfaceOrientations_iPad = "UIInterfaceOrientationPortrait UIInterfaceOrientationPortraitUpsideDown UIInterfaceOrientationLandscapeLeft UIInterfaceOrientationLandscapeRight";
				INFOPLIST_KEY_UISupportedInterfaceOrientations_iPhone = "UIInterfaceOrientationPortrait UIInterfaceOrientationLandscapeLeft UIInterfaceOrientationLandscapeRight";
				LD_RUNPATH_SEARCH_PATHS = (
					"$(inherited)",
					"@executable_path/Frameworks",
				);
				MARKETING_VERSION = 1.0;
				PRODUCT_BUNDLE_IDENTIFIER = com.study.MatzipApp;
				PRODUCT_NAME = "$(TARGET_NAME)";
				SWIFT_EMIT_LOC_STRINGS = YES;
				SWIFT_VERSION = 5.0;
				TARGETED_DEVICE_FAMILY = "1,2";
			};
			name = Debug;
		};
		B1E2A0312C8F078F006617B5 /* Release */ = {
			isa = XCBuildConfiguration;
			buildSettings = {
				ASSETCATALOG_COMPILER_APPICON_NAME = AppIcon;
				ASSETCATALOG_COMPILER_GLOBAL_ACCENT_COLOR_NAME = AccentColor;
				CODE_SIGN_STYLE = Automatic;
				CURRENT_PROJECT_VERSION = 1;
				GENERATE_INFOPLIST_FILE = YES;
				INFOPLIST_FILE = MatzipApp/Info.plist;
				INFOPLIST_KEY_UIApplicationSupportsIndirectInputEvents = YES;
				INFOPLIST_KEY_UILaunchStoryboardName = LaunchScreen;
				INFOPLIST_KEY_UIMainStoryboardFile = Main;
				INFOPLIST_KEY_UISupportedInterfaceOrientations_iPad = "UIInterfaceOrientationPortrait UIInterfaceOrientationPortraitUpsideDown UIInterfaceOrientationLandscapeLeft UIInterfaceOrientationLandscapeRight";
				INFOPLIST_KEY_UISupportedInterfaceOrientations_iPhone = "UIInterfaceOrientationPortrait UIInterfaceOrientationLandscapeLeft UIInterfaceOrientationLandscapeRight";
				LD_RUNPATH_SEARCH_PATHS = (
					"$(inherited)",
					"@executable_path/Frameworks",
				);
				MARKETING_VERSION = 1.0;
				PRODUCT_BUNDLE_IDENTIFIER = com.study.MatzipApp;
				PRODUCT_NAME = "$(TARGET_NAME)";
				SWIFT_EMIT_LOC_STRINGS = YES;
				SWIFT_VERSION = 5.0;
				TARGETED_DEVICE_FAMILY = "1,2";
			};
			name = Release;
		};
		B1E2A0332C8F078F006617B5 /* Debug */ = {
			isa = XCBuildConfiguration;
			buildSettings = {
				ALWAYS_EMBED_SWIFT_STANDARD_LIBRARIES = YES;
				BUNDLE_LOADER = "$(TEST_HOST)";
				CODE_SIGN_STYLE = Automatic;
				CURRENT_PROJECT_VERSION = 1;
				GENERATE_INFOPLIST_FILE = YES;
				IPHONEOS_DEPLOYMENT_TARGET = 17.0;
				MARKETING_VERSION = 1.0;
				PRODUCT_BUNDLE_IDENTIFIER = com.study.MatzipAppTests;
				PRODUCT_NAME = "$(TARGET_NAME)";
				SWIFT_EMIT_LOC_STRINGS = NO;
				SWIFT_VERSION = 5.0;
				TARGETED_DEVICE_FAMILY = "1,2";
				TEST_HOST = "$(BUILT_PRODUCTS_DIR)/MatzipApp.app/$(BUNDLE_EXECUTABLE_FOLDER_PATH)/MatzipApp";
			};
			name = Debug;
		};
		B1E2A0342C8F078F006617B5 /* Release */ = {
			isa = XCBuildConfiguration;
			buildSettings = {
				ALWAYS_EMBED_SWIFT_STANDARD_LIBRARIES = YES;
				BUNDLE_LOADER = "$(TEST_HOST)";
				CODE_SIGN_STYLE = Automatic;
				CURRENT_PROJECT_VERSION = 1;
				GENERATE_INFOPLIST_FILE = YES;
				IPHONEOS_DEPLOYMENT_TARGET = 17.0;
				MARKETING_VERSION = 1.0;
				PRODUCT_BUNDLE_IDENTIFIER = com.study.MatzipAppTests;
				PRODUCT_NAME = "$(TARGET_NAME)";
				SWIFT_EMIT_LOC_STRINGS = NO;
				SWIFT_VERSION = 5.0;
				TARGETED_DEVICE_FAMILY = "1,2";
				TEST_HOST = "$(BUILT_PRODUCTS_DIR)/MatzipApp.app/$(BUNDLE_EXECUTABLE_FOLDER_PATH)/MatzipApp";
			};
			name = Release;
		};
		B1E2A0362C8F078F006617B5 /* Debug */ = {
			isa = XCBuildConfiguration;
			buildSettings = {
				ALWAYS_EMBED_SWIFT_STANDARD_LIBRARIES = YES;
				CODE_SIGN_STYLE = Automatic;
				CURRENT_PROJECT_VERSION = 1;
				GENERATE_INFOPLIST_FILE = YES;
				MARKETING_VERSION = 1.0;
				PRODUCT_BUNDLE_IDENTIFIER = com.study.MatzipAppUITests;
				PRODUCT_NAME = "$(TARGET_NAME)";
				SWIFT_EMIT_LOC_STRINGS = NO;
				SWIFT_VERSION = 5.0;
				TARGETED_DEVICE_FAMILY = "1,2";
				TEST_TARGET_NAME = MatzipApp;
			};
			name = Debug;
		};
		B1E2A0372C8F078F006617B5 /* Release */ = {
			isa = XCBuildConfiguration;
			buildSettings = {
				ALWAYS_EMBED_SWIFT_STANDARD_LIBRARIES = YES;
				CODE_SIGN_STYLE = Automatic;
				CURRENT_PROJECT_VERSION = 1;
				GENERATE_INFOPLIST_FILE = YES;
				MARKETING_VERSION = 1.0;
				PRODUCT_BUNDLE_IDENTIFIER = com.study.MatzipAppUITests;
				PRODUCT_NAME = "$(TARGET_NAME)";
				SWIFT_EMIT_LOC_STRINGS = NO;
				SWIFT_VERSION = 5.0;
				TARGETED_DEVICE_FAMILY = "1,2";
				TEST_TARGET_NAME = MatzipApp;
			};
			name = Release;
		};
/* End XCBuildConfiguration section */

/* Begin XCConfigurationList section */
		B1E2A0002C8F078E006617B5 /* Build configuration list for PBXProject "MatzipApp" */ = {
			isa = XCConfigurationList;
			buildConfigurations = (
				B1E2A02D2C8F078F006617B5 /* Debug */,
				B1E2A02E2C8F078F006617B5 /* Release */,
			);
			defaultConfigurationIsVisible = 0;
			defaultConfigurationName = Release;
		};
		B1E2A02F2C8F078F006617B5 /* Build configuration list for PBXNativeTarget "MatzipApp" */ = {
			isa = XCConfigurationList;
			buildConfigurations = (
				B1E2A0302C8F078F006617B5 /* Debug */,
				B1E2A0312C8F078F006617B5 /* Release */,
			);
			defaultConfigurationIsVisible = 0;
			defaultConfigurationName = Release;
		};
		B1E2A0322C8F078F006617B5 /* Build configuration list for PBXNativeTarget "MatzipAppTests" */ = {
			isa = XCConfigurationList;
			buildConfigurations = (
				B1E2A0332C8F078F006617B5 /* Debug */,
				B1E2A0342C8F078F006617B5 /* Release */,
			);
			defaultConfigurationIsVisible = 0;
			defaultConfigurationName = Release;
		};
		B1E2A0352C8F078F006617B5 /* Build configuration list for PBXNativeTarget "MatzipAppUITests" */ = {
			isa = XCConfigurationList;
			buildConfigurations = (
				B1E2A0362C8F078F006617B5 /* Debug */,
				B1E2A0372C8F078F006617B5 /* Release */,
			);
			defaultConfigurationIsVisible = 0;
			defaultConfigurationName = Release;
		};
/* End XCConfigurationList section */
	};
	rootObject = B1E29FFD2C8F078E006617B5 /* Project object */;
}
